
Microsoft Visual Studio Solution File, Format Version 12.00
# Visual Studio Version 16
VisualStudioVersion = 16.0.30011.22
MinimumVisualStudioVersion = 10.0.40219.1
Project("{9A19103F-16F7-4668-BE54-9A1E7A4F7556}") = "Correios.NET", "Correios.NET\Correios.NET.csproj", "{A3A5FB3D-8F01-4F6D-8114-715BA075872A}"
EndProject
Project("{9A19103F-16F7-4668-BE54-9A1E7A4F7556}") = "Correios.NET.Tests", "Correios.NET.Tests\Correios.NET.Tests.csproj", "{49D9B4CB-05C7-4CFD-86AA-8049263C667A}"
EndProject
Project("{9A19103F-16F7-4668-BE54-9A1E7A4F7556}") = "Correios.NET.Api", "Correios.NET.Api\Correios.NET.Api.csproj", "{A3698028-1A0F-479F-863A-08BF4E7A4C74}"
EndProject
Project("{2150E333-8FDC-42A3-9474-1A3956D46DE8}") = "Solution Folder", "Solution Folder", "{F5B4452E-C0D1-47E3-99B5-E93B847C4359}"
	ProjectSection(SolutionItems) = preProject
		..\.gitattributes = ..\.gitattributes
		..\.gitignore = ..\.gitignore
		..\appveyor.yml = ..\appveyor.yml
		..\build.cake = ..\build.cake
		..\build.ps1 = ..\build.ps1
		..\build.sh = ..\build.sh
		..\CHANGELOG.md = ..\CHANGELOG.md
		..\LICENSE.txt = ..\LICENSE.txt
		..\README.md = ..\README.md
	EndProjectSection
EndProject
Global
	GlobalSection(SolutionConfigurationPlatforms) = preSolution
		Debug|Any CPU = Debug|Any CPU
		Release|Any CPU = Release|Any CPU
	EndGlobalSection
	GlobalSection(ProjectConfigurationPlatforms) = postSolution
		{A3A5FB3D-8F01-4F6D-8114-715BA075872A}.Debug|Any CPU.ActiveCfg = Debug|Any CPU
		{A3A5FB3D-8F01-4F6D-8114-715BA075872A}.Debug|Any CPU.Build.0 = Debug|Any CPU
		{A3A5FB3D-8F01-4F6D-8114-715BA075872A}.Release|Any CPU.ActiveCfg = Release|Any CPU
		{A3A5FB3D-8F01-4F6D-8114-715BA075872A}.Release|Any CPU.Build.0 = Release|Any CPU
		{49D9B4CB-05C7-4CFD-86AA-8049263C667A}.Debug|Any CPU.ActiveCfg = Debug|Any CPU
		{49D9B4CB-05C7-4CFD-86AA-8049263C667A}.Debug|Any CPU.Build.0 = Debug|Any CPU
		{49D9B4CB-05C7-4CFD-86AA-8049263C667A}.Release|Any CPU.ActiveCfg = Release|Any CPU
		{49D9B4CB-05C7-4CFD-86AA-8049263C667A}.Release|Any CPU.Build.0 = Release|Any CPU
		{A3698028-1A0F-479F-863A-08BF4E7A4C74}.Debug|Any CPU.ActiveCfg = Debug|Any CPU
		{A3698028-1A0F-479F-863A-08BF4E7A4C74}.Debug|Any CPU.Build.0 = Debug|Any CPU
		{A3698028-1A0F-479F-863A-08BF4E7A4C74}.Release|Any CPU.ActiveCfg = Release|Any CPU
		{A3698028-1A0F-479F-863A-08BF4E7A4C74}.Release|Any CPU.Build.0 = Release|Any CPU
	EndGlobalSection
	GlobalSection(SolutionProperties) = preSolution
		HideSolutionNode = FALSE
	EndGlobalSection
	GlobalSection(ExtensibilityGlobals) = postSolution
		SolutionGuid = {496BFB6C-7869-44A9-A02A-43E0A0ED04D4}
	EndGlobalSection
EndGlobal
