
Microsoft Visual Studio Solution File, Format Version 12.00
# Visual Studio 2012
Project("{FAE04EC0-301F-11D3-BF4B-00C04F79EFBC}") = "Correios.NET", "Correios.NET\Correios.NET.csproj", "{A3A5FB3D-8F01-4F6D-8114-715BA075872A}"
EndProject
Project("{FAE04EC0-301F-11D3-BF4B-00C04F79EFBC}") = "Correios.NET.Tests", "Correios.NET.Tests\Correios.NET.Tests.csproj", "{49D9B4CB-05C7-4CFD-86AA-8049263C667A}"
EndProject
Project("{2150E333-8FDC-42A3-9474-1A3956D46DE8}") = ".nuget", ".nuget", "{50C5A84A-37C1-4DFE-A570-45F270DA821A}"
	ProjectSection(SolutionItems) = preProject
		.nuget\packages.config = .nuget\packages.config
	EndProjectSection
EndProject
Global
	GlobalSection(SolutionConfigurationPlatforms) = preSolution
		Debug|Any CPU = Debug|Any CPU
		Release|Any CPU = Release|Any CPU
	EndGlobalSection
	GlobalSection(ProjectConfigurationPlatforms) = postSolution
		{A3A5FB3D-8F01-4F6D-8114-715BA075872A}.Debug|Any CPU.ActiveCfg = Debug|Any CPU
		{A3A5FB3D-8F01-4F6D-8114-715BA075872A}.Debug|Any CPU.Build.0 = Debug|Any CPU
		{A3A5FB3D-8F01-4F6D-8114-715BA075872A}.Release|Any CPU.ActiveCfg = Release|Any CPU
		{A3A5FB3D-8F01-4F6D-8114-715BA075872A}.Release|Any CPU.Build.0 = Release|Any CPU
		{49D9B4CB-05C7-4CFD-86AA-8049263C667A}.Debug|Any CPU.ActiveCfg = Debug|Any CPU
		{49D9B4CB-05C7-4CFD-86AA-8049263C667A}.Debug|Any CPU.Build.0 = Debug|Any CPU
		{49D9B4CB-05C7-4CFD-86AA-8049263C667A}.Release|Any CPU.ActiveCfg = Release|Any CPU
		{49D9B4CB-05C7-4CFD-86AA-8049263C667A}.Release|Any CPU.Build.0 = Release|Any CPU
	EndGlobalSection
	GlobalSection(SolutionProperties) = preSolution
		HideSolutionNode = FALSE
	EndGlobalSection
EndGlobal
